
Microsoft Visual Studio Solution File, Format Version 12.00
# Visual Studio Version 16
VisualStudioVersion = 16.0.29424.173
MinimumVisualStudioVersion = 10.0.40219.1
Project("{9A19103F-16F7-4668-BE54-9A1E7A4F7556}") = "ApiApplication", "ApiApplication\ApiApplication.csproj", "{085AADF9-B78D-4AAA-96BF-1370D029E008}"
EndProject
Project("{9A19103F-16F7-4668-BE54-9A1E7A4F7556}") = "Common", "Common\Common.csproj", "{AF8A0957-9528-4CCB-B0ED-0476C0EE7EF0}"
EndProject
Project("{FAE04EC0-301F-11D3-BF4B-00C04F79EFBC}") = "WebApplication", "WebApplication\WebApplication.csproj", "{1DE1BBAF-7DFA-417C-A786-DE6EEC886EB5}"
EndProject
Global
	GlobalSection(SolutionConfigurationPlatforms) = preSolution
		Debug|Any CPU = Debug|Any CPU
		Release|Any CPU = Release|Any CPU
	EndGlobalSection
	GlobalSection(ProjectConfigurationPlatforms) = postSolution
		{085AADF9-B78D-4AAA-96BF-1370D029E008}.Debug|Any CPU.ActiveCfg = Debug|Any CPU
		{085AADF9-B78D-4AAA-96BF-1370D029E008}.Debug|Any CPU.Build.0 = Debug|Any CPU
		{085AADF9-B78D-4AAA-96BF-1370D029E008}.Release|Any CPU.ActiveCfg = Release|Any CPU
		{085AADF9-B78D-4AAA-96BF-1370D029E008}.Release|Any CPU.Build.0 = Release|Any CPU
		{AF8A0957-9528-4CCB-B0ED-0476C0EE7EF0}.Debug|Any CPU.ActiveCfg = Debug|Any CPU
		{AF8A0957-9528-4CCB-B0ED-0476C0EE7EF0}.Debug|Any CPU.Build.0 = Debug|Any CPU
		{AF8A0957-9528-4CCB-B0ED-0476C0EE7EF0}.Release|Any CPU.ActiveCfg = Release|Any CPU
		{AF8A0957-9528-4CCB-B0ED-0476C0EE7EF0}.Release|Any CPU.Build.0 = Release|Any CPU
		{1DE1BBAF-7DFA-417C-A786-DE6EEC886EB5}.Debug|Any CPU.ActiveCfg = Debug|Any CPU
		{1DE1BBAF-7DFA-417C-A786-DE6EEC886EB5}.Debug|Any CPU.Build.0 = Debug|Any CPU
		{1DE1BBAF-7DFA-417C-A786-DE6EEC886EB5}.Release|Any CPU.ActiveCfg = Release|Any CPU
		{1DE1BBAF-7DFA-417C-A786-DE6EEC886EB5}.Release|Any CPU.Build.0 = Release|Any CPU
	EndGlobalSection
	GlobalSection(SolutionProperties) = preSolution
		HideSolutionNode = FALSE
	EndGlobalSection
	GlobalSection(ExtensibilityGlobals) = postSolution
		SolutionGuid = {6FDB9743-F98D-47D6-B763-276D329AE592}
	EndGlobalSection
EndGlobal
